{
  "name": "gaia",
  "lockfileVersion": 3,
  "requires": true,
  "packages": {
    "": {
      "dependencies": {
        "@angular/animations": "^15.2.0",
        "@angular/common": "^15.2.0",
        "@angular/compiler": "^15.2.0",
        "@angular/core": "^15.2.0",
        "@angular/forms": "^15.2.0",
        "@angular/platform-browser": "^15.2.0",
        "@angular/platform-browser-dynamic": "^15.2.0",
        "@angular/router": "^15.2.0",
        "@fullcalendar/angular": "^6.1.4",
        "@fullcalendar/core": "^6.1.4",
        "@fullcalendar/daygrid": "^6.1.4",
        "@fullcalendar/interaction": "^6.1.4",
        "@fullcalendar/list": "^6.1.4",
        "@fullcalendar/timegrid": "^6.1.4",
        "install": "^0.13.0",
        "primeicons": "^6.0.1",
        "primeng": "^15.2.0",
        "rxjs": "~7.8.0",
        "tslib": "^2.3.0",
        "zone.js": "~0.12.0"
      }
    },
    "node_modules/@angular/animations": {
      "version": "15.2.2",
      "resolved": "https://registry.npmjs.org/@angular/animations/-/animations-15.2.2.tgz",
      "integrity": "sha512-2XYJn+my4Gf02QAziO+WJJLOQyw0Ao79xAp6IWj/rUOCxNDlRPY3TwoMqLZVtjSmWxSdmx/fPqd393vPawrPLg==",
      "dependencies": {
        "tslib": "^2.3.0"
      },
      "engines": {
        "node": "^14.20.0 || ^16.13.0 || >=18.10.0"
      },
      "peerDependencies": {
        "@angular/core": "15.2.2"
      }
    },
    "node_modules/@angular/common": {
      "version": "15.2.2",
      "resolved": "https://registry.npmjs.org/@angular/common/-/common-15.2.2.tgz",
      "integrity": "sha512-407yHyMR5CGFWjZPeiBNHa4UKwOTTMCNn7gmfi243AxIaPjIHwCDvIOx2w5OfrV+OUKSMIuqMRHLP4eUYkJDjA==",
      "dependencies": {
        "tslib": "^2.3.0"
      },
      "engines": {
        "node": "^14.20.0 || ^16.13.0 || >=18.10.0"
      },
      "peerDependencies": {
        "@angular/core": "15.2.2",
        "rxjs": "^6.5.3 || ^7.4.0"
      }
    },
    "node_modules/@angular/compiler": {
      "version": "15.2.2",
      "resolved": "https://registry.npmjs.org/@angular/compiler/-/compiler-15.2.2.tgz",
      "integrity": "sha512-Zv2XpyOoiRDzTxkB5YaMx8egEf7hkVYkCSPvES5IXAlcs4lA1SdWHiNk7zstGMjqQlMt6RNgN8E+2BYrOJh6DQ==",
      "dependencies": {
        "tslib": "^2.3.0"
      },
      "engines": {
        "node": "^14.20.0 || ^16.13.0 || >=18.10.0"
      },
      "peerDependencies": {
        "@angular/core": "15.2.2"
      },
      "peerDependenciesMeta": {
        "@angular/core": {
          "optional": true
        }
      }
    },
    "node_modules/@angular/core": {
      "version": "15.2.2",
      "resolved": "https://registry.npmjs.org/@angular/core/-/core-15.2.2.tgz",
      "integrity": "sha512-Rn9LKeeryV0hVrOxlOPnQJdgUxbKdB8NByhptzB6XSzZ0ODx0ZN+iYVRLqu0Fu95zh5oSeYYU+2yT6+FIIX65w==",
      "dependencies": {
        "tslib": "^2.3.0"
      },
      "engines": {
        "node": "^14.20.0 || ^16.13.0 || >=18.10.0"
      },
      "peerDependencies": {
        "rxjs": "^6.5.3 || ^7.4.0",
        "zone.js": "~0.11.4 || ~0.12.0 || ~0.13.0"
      }
    },
    "node_modules/@angular/forms": {
      "version": "15.2.2",
      "resolved": "https://registry.npmjs.org/@angular/forms/-/forms-15.2.2.tgz",
      "integrity": "sha512-X2cXhD8gQBn03RZJ5XD2mgf90vyeH2HABbNLelv3GCQRgn4SCTHM4cP1J9OCdX0r6cz+JBjz13fDChdWb624Mg==",
      "dependencies": {
        "tslib": "^2.3.0"
      },
      "engines": {
        "node": "^14.20.0 || ^16.13.0 || >=18.10.0"
      },
      "peerDependencies": {
        "@angular/common": "15.2.2",
        "@angular/core": "15.2.2",
        "@angular/platform-browser": "15.2.2",
        "rxjs": "^6.5.3 || ^7.4.0"
      }
    },
    "node_modules/@angular/platform-browser": {
      "version": "15.2.2",
      "resolved": "https://registry.npmjs.org/@angular/platform-browser/-/platform-browser-15.2.2.tgz",
      "integrity": "sha512-kH1vUsFF7iRQ+DCQ/UkQtCWAzXzTDRO1p40RMf2IzDduESMcMwyWtheZflOuL1l4ubMbLitQiL846Hj/4CUl4g==",
      "dependencies": {
        "tslib": "^2.3.0"
      },
      "engines": {
        "node": "^14.20.0 || ^16.13.0 || >=18.10.0"
      },
      "peerDependencies": {
        "@angular/animations": "15.2.2",
        "@angular/common": "15.2.2",
        "@angular/core": "15.2.2"
      },
      "peerDependenciesMeta": {
        "@angular/animations": {
          "optional": true
        }
      }
    },
    "node_modules/@angular/platform-browser-dynamic": {
      "version": "15.2.2",
      "resolved": "https://registry.npmjs.org/@angular/platform-browser-dynamic/-/platform-browser-dynamic-15.2.2.tgz",
      "integrity": "sha512-kYn57NkjOMkLHrWyZiqwfHUg4Td5hCrq9kADJRimbgSKusi9yHN7Whkd5HhySpF4yZU15XXsJHnl1KvqGNtWOw==",
      "dependencies": {
        "tslib": "^2.3.0"
      },
      "engines": {
        "node": "^14.20.0 || ^16.13.0 || >=18.10.0"
      },
      "peerDependencies": {
        "@angular/common": "15.2.2",
        "@angular/compiler": "15.2.2",
        "@angular/core": "15.2.2",
        "@angular/platform-browser": "15.2.2"
      }
    },
    "node_modules/@angular/router": {
      "version": "15.2.2",
      "resolved": "https://registry.npmjs.org/@angular/router/-/router-15.2.2.tgz",
      "integrity": "sha512-Yo9l9ZEWkKERvc8Fu9R5NNmUWcOB8ic+MX4GDWYOlgAnK0ZoM1/m0G2OtKFNmLwTj9CMfDqE0n5QZPbLCvjR9w==",
      "dependencies": {
        "tslib": "^2.3.0"
      },
      "engines": {
        "node": "^14.20.0 || ^16.13.0 || >=18.10.0"
      },
      "peerDependencies": {
        "@angular/common": "15.2.2",
        "@angular/core": "15.2.2",
        "@angular/platform-browser": "15.2.2",
        "rxjs": "^6.5.3 || ^7.4.0"
      }
    },
    "node_modules/@fullcalendar/angular": {
      "version": "6.1.4",
      "resolved": "https://registry.npmjs.org/@fullcalendar/angular/-/angular-6.1.4.tgz",
      "integrity": "sha512-D99FS6OjHkiAAfXZGPcxZsbrZHNbIiNj2PTJp6rZqAh8+MQ6Mua4BuM6e03P4fOYPD0jNj2hAJHRHkuwI4zdig==",
      "dependencies": {
        "tslib": "^2.3.0"
      },
      "peerDependencies": {
        "@angular/common": "12 - 15",
        "@angular/core": "12 - 15",
        "@fullcalendar/core": "~6.1.4"
      }
    },
    "node_modules/@fullcalendar/core": {
      "version": "6.1.4",
      "resolved": "https://registry.npmjs.org/@fullcalendar/core/-/core-6.1.4.tgz",
      "integrity": "sha512-ZDD0Owv0LezAk14nsRNaOc9nbowItGmT0mnjOhEw+L6B8P5eads8yYaNA9itn70MWoOjiAG8xqD7Yk1iJGxqgQ==",
      "dependencies": {
        "preact": "^10.0.5"
      }
    },
    "node_modules/@fullcalendar/daygrid": {
      "version": "6.1.4",
      "resolved": "https://registry.npmjs.org/@fullcalendar/daygrid/-/daygrid-6.1.4.tgz",
      "integrity": "sha512-X0QWEiA/hT8GYiQzmXt9DlZTWaQbNtBHBXGtaMNcVXbGHDCzLoWTHrde/jABGfr/i2+d9sLUO4oTtwz2HVpNtQ==",
      "peerDependencies": {
        "@fullcalendar/core": "~6.1.4"
      }
    },
    "node_modules/@fullcalendar/interaction": {
      "version": "6.1.4",
      "resolved": "https://registry.npmjs.org/@fullcalendar/interaction/-/interaction-6.1.4.tgz",
      "integrity": "sha512-69G2B61bPiHy7VyTDiwU9l8yRHPUK9XxNxjIdm3N0nvWR6BaUIBDQe8dIWht+IZUf9qirFhnfcLWkRI0fOTWtw==",
      "peerDependencies": {
        "@fullcalendar/core": "~6.1.4"
      }
    },
    "node_modules/@fullcalendar/list": {
      "version": "6.1.4",
      "resolved": "https://registry.npmjs.org/@fullcalendar/list/-/list-6.1.4.tgz",
      "integrity": "sha512-RY2fE9J7ckzhKtvHOWhlI2FnVEBC4Z9ZlgRBE2nQekX2+THt+3KnZtOQxuYGnGi30NBKx794YsXeIc6/Lnl0Ww==",
      "peerDependencies": {
        "@fullcalendar/core": "~6.1.4"
      }
    },
    "node_modules/@fullcalendar/timegrid": {
      "version": "6.1.4",
      "resolved": "https://registry.npmjs.org/@fullcalendar/timegrid/-/timegrid-6.1.4.tgz",
      "integrity": "sha512-B2/levLKW0CyDQru75JeuASpCZml5W8sINCwVTstxxhjKmNBG3F5qvSX12DDrTdga/ySYObNNP1pKDwavKk/JQ==",
      "dependencies": {
        "@fullcalendar/daygrid": "~6.1.4"
      },
      "peerDependencies": {
        "@fullcalendar/core": "~6.1.4"
      }
    },
    "node_modules/install": {
      "version": "0.13.0",
      "resolved": "https://registry.npmjs.org/install/-/install-0.13.0.tgz",
      "integrity": "sha512-zDml/jzr2PKU9I8J/xyZBQn8rPCAY//UOYNmR01XwNwyfhEWObo2SWfSl1+0tm1u6PhxLwDnfsT/6jB7OUxqFA==",
      "engines": {
        "node": ">= 0.10"
      }
    },
    "node_modules/preact": {
      "version": "10.13.1",
      "resolved": "https://registry.npmjs.org/preact/-/preact-10.13.1.tgz",
      "integrity": "sha512-KyoXVDU5OqTpG9LXlB3+y639JAGzl8JSBXLn1J9HTSB3gbKcuInga7bZnXLlxmK94ntTs1EFeZp0lrja2AuBYQ==",
      "funding": {
        "type": "opencollective",
        "url": "https://opencollective.com/preact"
      }
    },
    "node_modules/primeicons": {
      "version": "6.0.1",
      "resolved": "https://registry.npmjs.org/primeicons/-/primeicons-6.0.1.tgz",
      "integrity": "sha512-KDeO94CbWI4pKsPnYpA1FPjo79EsY9I+M8ywoPBSf9XMXoe/0crjbUK7jcQEDHuc0ZMRIZsxH3TYLv4TUtHmAA=="
    },
    "node_modules/primeng": {
      "version": "15.2.0",
      "resolved": "https://registry.npmjs.org/primeng/-/primeng-15.2.0.tgz",
      "integrity": "sha512-CLcB4RYiI4PcQ8nwov01L5CQHbhl7n1OufA2OKIq9+C4sBEv9sLsnEN2/Cah4m1jtrRkNbsac8JJE7LdPxecaQ==",
      "dependencies": {
        "tslib": "^2.3.0"
      },
      "peerDependencies": {
        "@angular/common": "^15.1.0",
        "@angular/core": "^15.1.0",
        "@angular/forms": "^15.1.0",
        "primeicons": "^6.0.1",
        "rxjs": "^6.0.0 || ^7.5.0",
        "zone.js": "^0.10.2 || ^0.11.0 || ^0.12.0"
      }
    },
    "node_modules/rxjs": {
      "version": "7.8.0",
      "resolved": "https://registry.npmjs.org/rxjs/-/rxjs-7.8.0.tgz",
      "integrity": "sha512-F2+gxDshqmIub1KdvZkaEfGDwLNpPvk9Fs6LD/MyQxNgMds/WH9OdDDXOmxUZpME+iSK3rQCctkL0DYyytUqMg==",
      "dependencies": {
        "tslib": "^2.1.0"
      }
    },
    "node_modules/tslib": {
      "version": "2.5.0",
      "resolved": "https://registry.npmjs.org/tslib/-/tslib-2.5.0.tgz",
      "integrity": "sha512-336iVw3rtn2BUK7ORdIAHTyxHGRIHVReokCR3XjbckJMK7ms8FysBfhLR8IXnAgy7T0PTPNBWKiH514FOW/WSg=="
    },
    "node_modules/zone.js": {
      "version": "0.12.0",
      "resolved": "https://registry.npmjs.org/zone.js/-/zone.js-0.12.0.tgz",
      "integrity": "sha512-XtC+I5dXU14HrzidAKBNMqneIVUykLEAA1x+v4KVrd6AUPWlwYORF8KgsVqvgdHiKZ4BkxxjvYi/ksEixTPR0Q==",
      "dependencies": {
        "tslib": "^2.3.0"
      }
    }
  }
}
